// !$*UTF8*$!
{
	archiveVersion = 1;
	classes = {
	};
	objectVersion = 46;
	objects = {

/* Begin PBXBuildFile section */
		235264371A05B69A0093099A /* main.m in Sources */ = {isa = PBXBuildFile; fileRef = 235264361A05B69A0093099A /* main.m */; };
		2352643A1A05B69A0093099A /* AppDelegate.m in Sources */ = {isa = PBXBuildFile; fileRef = 235264391A05B69A0093099A /* AppDelegate.m */; };
		235264421A05B69A0093099A /* Images.xcassets in Resources */ = {isa = PBXBuildFile; fileRef = 235264411A05B69A0093099A /* Images.xcassets */; };
		235264451A05B69A0093099A /* LaunchScreen.xib in Resources */ = {isa = PBXBuildFile; fileRef = 235264431A05B69A0093099A /* LaunchScreen.xib */; };
		235264511A05B69A0093099A /* TwitterTests.m in Sources */ = {isa = PBXBuildFile; fileRef = 235264501A05B69A0093099A /* TwitterTests.m */; };
		235D5B691A05BA9300F7A698 /* LoginViewController.m in Sources */ = {isa = PBXBuildFile; fileRef = 235D5B671A05BA9300F7A698 /* LoginViewController.m */; };
		235D5B6A1A05BA9300F7A698 /* LoginViewController.xib in Resources */ = {isa = PBXBuildFile; fileRef = 235D5B681A05BA9300F7A698 /* LoginViewController.xib */; };
		235D5B6E1A05BC2400F7A698 /* TwitterClient.m in Sources */ = {isa = PBXBuildFile; fileRef = 235D5B6D1A05BC2400F7A698 /* TwitterClient.m */; };
		235D5B721A05CAB000F7A698 /* Tweet.m in Sources */ = {isa = PBXBuildFile; fileRef = 235D5B711A05CAB000F7A698 /* Tweet.m */; };
		235D5B751A05CABE00F7A698 /* User.m in Sources */ = {isa = PBXBuildFile; fileRef = 235D5B741A05CABE00F7A698 /* User.m */; };
		235D5B791A0626AA00F7A698 /* FeedViewController.m in Sources */ = {isa = PBXBuildFile; fileRef = 235D5B771A0626AA00F7A698 /* FeedViewController.m */; };
		235D5B7A1A0626AA00F7A698 /* FeedViewController.xib in Resources */ = {isa = PBXBuildFile; fileRef = 235D5B781A0626AA00F7A698 /* FeedViewController.xib */; };
		235D5B7E1A062E8E00F7A698 /* CreateTweetViewController.m in Sources */ = {isa = PBXBuildFile; fileRef = 235D5B7C1A062E8E00F7A698 /* CreateTweetViewController.m */; };
		235D5B7F1A062E8E00F7A698 /* CreateTweetViewController.xib in Resources */ = {isa = PBXBuildFile; fileRef = 235D5B7D1A062E8E00F7A698 /* CreateTweetViewController.xib */; };
		235D5B841A06311100F7A698 /* FeedTableViewCell.m in Sources */ = {isa = PBXBuildFile; fileRef = 235D5B821A06311100F7A698 /* FeedTableViewCell.m */; };
		235D5B851A06311100F7A698 /* FeedTableViewCell.xib in Resources */ = {isa = PBXBuildFile; fileRef = 235D5B831A06311100F7A698 /* FeedTableViewCell.xib */; };
		235D5B871A069D8800F7A698 /* About_logoUsage.png in Resources */ = {isa = PBXBuildFile; fileRef = 235D5B861A069D8800F7A698 /* About_logoUsage.png */; };
		235D5B8D1A06B8CA00F7A698 /* retweet_on.png in Resources */ = {isa = PBXBuildFile; fileRef = 235D5B881A06B8CA00F7A698 /* retweet_on.png */; };
		235D5B8E1A06B8CA00F7A698 /* retweet.png in Resources */ = {isa = PBXBuildFile; fileRef = 235D5B891A06B8CA00F7A698 /* retweet.png */; };
		235D5B8F1A06B8CA00F7A698 /* reply.png in Resources */ = {isa = PBXBuildFile; fileRef = 235D5B8A1A06B8CA00F7A698 /* reply.png */; };
		235D5B901A06B8CA00F7A698 /* favorite_on.png in Resources */ = {isa = PBXBuildFile; fileRef = 235D5B8B1A06B8CA00F7A698 /* favorite_on.png */; };
		235D5B911A06B8CA00F7A698 /* favorite.png in Resources */ = {isa = PBXBuildFile; fileRef = 235D5B8C1A06B8CA00F7A698 /* favorite.png */; };
		235D5B951A06C9A700F7A698 /* TweetViewController.m in Sources */ = {isa = PBXBuildFile; fileRef = 235D5B931A06C9A700F7A698 /* TweetViewController.m */; };
		235D5B961A06C9A700F7A698 /* TweetViewController.xib in Resources */ = {isa = PBXBuildFile; fileRef = 235D5B941A06C9A700F7A698 /* TweetViewController.xib */; };
		235EC8151A0FE47A00BB50DD /* MenuViewController.m in Sources */ = {isa = PBXBuildFile; fileRef = 235EC8131A0FE47A00BB50DD /* MenuViewController.m */; };
		235EC8161A0FE47A00BB50DD /* MenuViewController.xib in Resources */ = {isa = PBXBuildFile; fileRef = 235EC8141A0FE47A00BB50DD /* MenuViewController.xib */; };
		235EC81A1A0FE51A00BB50DD /* MenuTableViewCell.m in Sources */ = {isa = PBXBuildFile; fileRef = 235EC8181A0FE51A00BB50DD /* MenuTableViewCell.m */; };
		235EC81B1A0FE51A00BB50DD /* MenuTableViewCell.xib in Resources */ = {isa = PBXBuildFile; fileRef = 235EC8191A0FE51A00BB50DD /* MenuTableViewCell.xib */; };
		235EC81F1A0FE7B900BB50DD /* SlidableMenuViewController.m in Sources */ = {isa = PBXBuildFile; fileRef = 235EC81D1A0FE7B900BB50DD /* SlidableMenuViewController.m */; };
		235EC8201A0FE7B900BB50DD /* SlidableMenuViewController.xib in Resources */ = {isa = PBXBuildFile; fileRef = 235EC81E1A0FE7B900BB50DD /* SlidableMenuViewController.xib */; };
		235EC8261A1056E400BB50DD /* menu-20.png in Resources */ = {isa = PBXBuildFile; fileRef = 235EC8251A1056E400BB50DD /* menu-20.png */; };
		235EC82A1A10598900BB50DD /* ProfileHeaderTableViewCell.m in Sources */ = {isa = PBXBuildFile; fileRef = 235EC8281A10598900BB50DD /* ProfileHeaderTableViewCell.m */; };
		235EC82B1A10598900BB50DD /* ProfileHeaderTableViewCell.xib in Resources */ = {isa = PBXBuildFile; fileRef = 235EC8291A10598900BB50DD /* ProfileHeaderTableViewCell.xib */; };
		235EC82E1A109E5A00BB50DD /* me.png in Resources */ = {isa = PBXBuildFile; fileRef = 235EC82C1A109E5A00BB50DD /* me.png */; };
		235EC82F1A109E5A00BB50DD /* mention.png in Resources */ = {isa = PBXBuildFile; fileRef = 235EC82D1A109E5A00BB50DD /* mention.png */; };
		235EC8311A109E6300BB50DD /* home.png in Resources */ = {isa = PBXBuildFile; fileRef = 235EC8301A109E6300BB50DD /* home.png */; };
		235EC8331A10A96500BB50DD /* menu-20.svg in Resources */ = {isa = PBXBuildFile; fileRef = 235EC8321A10A96500BB50DD /* menu-20.svg */; };
		3D953C663927A3947E18997B /* libPods.a in Frameworks */ = {isa = PBXBuildFile; fileRef = 4011426B2ABDAA272437B208 /* libPods.a */; };
/* End PBXBuildFile section */

/* Begin PBXContainerItemProxy section */
		2352644B1A05B69A0093099A /* PBXContainerItemProxy */ = {
			isa = PBXContainerItemProxy;
			containerPortal = 235264291A05B69A0093099A /* Project object */;
			proxyType = 1;
			remoteGlobalIDString = 235264301A05B69A0093099A;
			remoteInfo = Twitter;
		};
/* End PBXContainerItemProxy section */

/* Begin PBXFileReference section */
		08CA47467A6DBA84197E1D56 /* Pods.release.xcconfig */ = {isa = PBXFileReference; includeInIndex = 1; lastKnownFileType = text.xcconfig; name = Pods.release.xcconfig; path = "Pods/Target Support Files/Pods/Pods.release.xcconfig"; sourceTree = "<group>"; };
		11B9037B63D1EBD1162029F9 /* Pods.debug.xcconfig */ = {isa = PBXFileReference; includeInIndex = 1; lastKnownFileType = text.xcconfig; name = Pods.debug.xcconfig; path = "Pods/Target Support Files/Pods/Pods.debug.xcconfig"; sourceTree = "<group>"; };
		235264311A05B69A0093099A /* Twitter.app */ = {isa = PBXFileReference; explicitFileType = wrapper.application; includeInIndex = 0; path = Twitter.app; sourceTree = BUILT_PRODUCTS_DIR; };
		235264351A05B69A0093099A /* Info.plist */ = {isa = PBXFileReference; lastKnownFileType = text.plist.xml; path = Info.plist; sourceTree = "<group>"; };
		235264361A05B69A0093099A /* main.m */ = {isa = PBXFileReference; lastKnownFileType = sourcecode.c.objc; path = main.m; sourceTree = "<group>"; };
		235264381A05B69A0093099A /* AppDelegate.h */ = {isa = PBXFileReference; lastKnownFileType = sourcecode.c.h; path = AppDelegate.h; sourceTree = "<group>"; };
		235264391A05B69A0093099A /* AppDelegate.m */ = {isa = PBXFileReference; lastKnownFileType = sourcecode.c.objc; path = AppDelegate.m; sourceTree = "<group>"; };
		235264411A05B69A0093099A /* Images.xcassets */ = {isa = PBXFileReference; lastKnownFileType = folder.assetcatalog; path = Images.xcassets; sourceTree = "<group>"; };
		235264441A05B69A0093099A /* Base */ = {isa = PBXFileReference; lastKnownFileType = file.xib; name = Base; path = Base.lproj/LaunchScreen.xib; sourceTree = "<group>"; };
		2352644A1A05B69A0093099A /* TwitterTests.xctest */ = {isa = PBXFileReference; explicitFileType = wrapper.cfbundle; includeInIndex = 0; path = TwitterTests.xctest; sourceTree = BUILT_PRODUCTS_DIR; };
		2352644F1A05B69A0093099A /* Info.plist */ = {isa = PBXFileReference; lastKnownFileType = text.plist.xml; path = Info.plist; sourceTree = "<group>"; };
		235264501A05B69A0093099A /* TwitterTests.m */ = {isa = PBXFileReference; lastKnownFileType = sourcecode.c.objc; path = TwitterTests.m; sourceTree = "<group>"; };
		235D5B661A05BA9300F7A698 /* LoginViewController.h */ = {isa = PBXFileReference; fileEncoding = 4; lastKnownFileType = sourcecode.c.h; path = LoginViewController.h; sourceTree = "<group>"; };
		235D5B671A05BA9300F7A698 /* LoginViewController.m */ = {isa = PBXFileReference; fileEncoding = 4; lastKnownFileType = sourcecode.c.objc; path = LoginViewController.m; sourceTree = "<group>"; };
		235D5B681A05BA9300F7A698 /* LoginViewController.xib */ = {isa = PBXFileReference; fileEncoding = 4; lastKnownFileType = file.xib; path = LoginViewController.xib; sourceTree = "<group>"; };
		235D5B6C1A05BC2400F7A698 /* TwitterClient.h */ = {isa = PBXFileReference; fileEncoding = 4; lastKnownFileType = sourcecode.c.h; path = TwitterClient.h; sourceTree = "<group>"; };
		235D5B6D1A05BC2400F7A698 /* TwitterClient.m */ = {isa = PBXFileReference; fileEncoding = 4; lastKnownFileType = sourcecode.c.objc; path = TwitterClient.m; sourceTree = "<group>"; };
		235D5B701A05CAB000F7A698 /* Tweet.h */ = {isa = PBXFileReference; fileEncoding = 4; lastKnownFileType = sourcecode.c.h; path = Tweet.h; sourceTree = "<group>"; };
		235D5B711A05CAB000F7A698 /* Tweet.m */ = {isa = PBXFileReference; fileEncoding = 4; lastKnownFileType = sourcecode.c.objc; path = Tweet.m; sourceTree = "<group>"; };
		235D5B731A05CABE00F7A698 /* User.h */ = {isa = PBXFileReference; fileEncoding = 4; lastKnownFileType = sourcecode.c.h; path = User.h; sourceTree = "<group>"; };
		235D5B741A05CABE00F7A698 /* User.m */ = {isa = PBXFileReference; fileEncoding = 4; lastKnownFileType = sourcecode.c.objc; path = User.m; sourceTree = "<group>"; };
		235D5B761A0626AA00F7A698 /* FeedViewController.h */ = {isa = PBXFileReference; fileEncoding = 4; lastKnownFileType = sourcecode.c.h; path = FeedViewController.h; sourceTree = "<group>"; };
		235D5B771A0626AA00F7A698 /* FeedViewController.m */ = {isa = PBXFileReference; fileEncoding = 4; lastKnownFileType = sourcecode.c.objc; path = FeedViewController.m; sourceTree = "<group>"; };
		235D5B781A0626AA00F7A698 /* FeedViewController.xib */ = {isa = PBXFileReference; fileEncoding = 4; lastKnownFileType = file.xib; path = FeedViewController.xib; sourceTree = "<group>"; };
		235D5B7B1A062E8E00F7A698 /* CreateTweetViewController.h */ = {isa = PBXFileReference; fileEncoding = 4; lastKnownFileType = sourcecode.c.h; path = CreateTweetViewController.h; sourceTree = "<group>"; };
		235D5B7C1A062E8E00F7A698 /* CreateTweetViewController.m */ = {isa = PBXFileReference; fileEncoding = 4; lastKnownFileType = sourcecode.c.objc; path = CreateTweetViewController.m; sourceTree = "<group>"; };
		235D5B7D1A062E8E00F7A698 /* CreateTweetViewController.xib */ = {isa = PBXFileReference; fileEncoding = 4; lastKnownFileType = file.xib; path = CreateTweetViewController.xib; sourceTree = "<group>"; };
		235D5B811A06311100F7A698 /* FeedTableViewCell.h */ = {isa = PBXFileReference; fileEncoding = 4; lastKnownFileType = sourcecode.c.h; path = FeedTableViewCell.h; sourceTree = "<group>"; };
		235D5B821A06311100F7A698 /* FeedTableViewCell.m */ = {isa = PBXFileReference; fileEncoding = 4; lastKnownFileType = sourcecode.c.objc; path = FeedTableViewCell.m; sourceTree = "<group>"; };
		235D5B831A06311100F7A698 /* FeedTableViewCell.xib */ = {isa = PBXFileReference; fileEncoding = 4; lastKnownFileType = file.xib; path = FeedTableViewCell.xib; sourceTree = "<group>"; };
		235D5B861A069D8800F7A698 /* About_logoUsage.png */ = {isa = PBXFileReference; lastKnownFileType = image.png; path = About_logoUsage.png; sourceTree = "<group>"; };
		235D5B881A06B8CA00F7A698 /* retweet_on.png */ = {isa = PBXFileReference; lastKnownFileType = image.png; path = retweet_on.png; sourceTree = "<group>"; };
		235D5B891A06B8CA00F7A698 /* retweet.png */ = {isa = PBXFileReference; lastKnownFileType = image.png; path = retweet.png; sourceTree = "<group>"; };
		235D5B8A1A06B8CA00F7A698 /* reply.png */ = {isa = PBXFileReference; lastKnownFileType = image.png; path = reply.png; sourceTree = "<group>"; };
		235D5B8B1A06B8CA00F7A698 /* favorite_on.png */ = {isa = PBXFileReference; lastKnownFileType = image.png; path = favorite_on.png; sourceTree = "<group>"; };
		235D5B8C1A06B8CA00F7A698 /* favorite.png */ = {isa = PBXFileReference; lastKnownFileType = image.png; path = favorite.png; sourceTree = "<group>"; };
		235D5B921A06C9A700F7A698 /* TweetViewController.h */ = {isa = PBXFileReference; fileEncoding = 4; lastKnownFileType = sourcecode.c.h; path = TweetViewController.h; sourceTree = "<group>"; };
		235D5B931A06C9A700F7A698 /* TweetViewController.m */ = {isa = PBXFileReference; fileEncoding = 4; lastKnownFileType = sourcecode.c.objc; path = TweetViewController.m; sourceTree = "<group>"; };
		235D5B941A06C9A700F7A698 /* TweetViewController.xib */ = {isa = PBXFileReference; fileEncoding = 4; lastKnownFileType = file.xib; path = TweetViewController.xib; sourceTree = "<group>"; };
		235EC8121A0FE47A00BB50DD /* MenuViewController.h */ = {isa = PBXFileReference; fileEncoding = 4; lastKnownFileType = sourcecode.c.h; path = MenuViewController.h; sourceTree = "<group>"; };
		235EC8131A0FE47A00BB50DD /* MenuViewController.m */ = {isa = PBXFileReference; fileEncoding = 4; lastKnownFileType = sourcecode.c.objc; path = MenuViewController.m; sourceTree = "<group>"; };
		235EC8141A0FE47A00BB50DD /* MenuViewController.xib */ = {isa = PBXFileReference; fileEncoding = 4; lastKnownFileType = file.xib; path = MenuViewController.xib; sourceTree = "<group>"; };
		235EC8171A0FE51A00BB50DD /* MenuTableViewCell.h */ = {isa = PBXFileReference; fileEncoding = 4; lastKnownFileType = sourcecode.c.h; path = MenuTableViewCell.h; sourceTree = "<group>"; };
		235EC8181A0FE51A00BB50DD /* MenuTableViewCell.m */ = {isa = PBXFileReference; fileEncoding = 4; lastKnownFileType = sourcecode.c.objc; path = MenuTableViewCell.m; sourceTree = "<group>"; };
		235EC8191A0FE51A00BB50DD /* MenuTableViewCell.xib */ = {isa = PBXFileReference; fileEncoding = 4; lastKnownFileType = file.xib; path = MenuTableViewCell.xib; sourceTree = "<group>"; };
		235EC81C1A0FE7B900BB50DD /* SlidableMenuViewController.h */ = {isa = PBXFileReference; fileEncoding = 4; lastKnownFileType = sourcecode.c.h; path = SlidableMenuViewController.h; sourceTree = "<group>"; };
		235EC81D1A0FE7B900BB50DD /* SlidableMenuViewController.m */ = {isa = PBXFileReference; fileEncoding = 4; lastKnownFileType = sourcecode.c.objc; path = SlidableMenuViewController.m; sourceTree = "<group>"; };
		235EC81E1A0FE7B900BB50DD /* SlidableMenuViewController.xib */ = {isa = PBXFileReference; fileEncoding = 4; lastKnownFileType = file.xib; path = SlidableMenuViewController.xib; sourceTree = "<group>"; };
		235EC8221A10526D00BB50DD /* ViewTypes.h */ = {isa = PBXFileReference; lastKnownFileType = sourcecode.c.h; path = ViewTypes.h; sourceTree = "<group>"; };
		235EC8251A1056E400BB50DD /* menu-20.png */ = {isa = PBXFileReference; lastKnownFileType = image.png; path = "menu-20.png"; sourceTree = "<group>"; };
		235EC8271A10598900BB50DD /* ProfileHeaderTableViewCell.h */ = {isa = PBXFileReference; fileEncoding = 4; lastKnownFileType = sourcecode.c.h; path = ProfileHeaderTableViewCell.h; sourceTree = "<group>"; };
		235EC8281A10598900BB50DD /* ProfileHeaderTableViewCell.m */ = {isa = PBXFileReference; fileEncoding = 4; lastKnownFileType = sourcecode.c.objc; path = ProfileHeaderTableViewCell.m; sourceTree = "<group>"; };
		235EC8291A10598900BB50DD /* ProfileHeaderTableViewCell.xib */ = {isa = PBXFileReference; fileEncoding = 4; lastKnownFileType = file.xib; path = ProfileHeaderTableViewCell.xib; sourceTree = "<group>"; };
		235EC82C1A109E5A00BB50DD /* me.png */ = {isa = PBXFileReference; lastKnownFileType = image.png; path = me.png; sourceTree = "<group>"; };
		235EC82D1A109E5A00BB50DD /* mention.png */ = {isa = PBXFileReference; lastKnownFileType = image.png; path = mention.png; sourceTree = "<group>"; };
		235EC8301A109E6300BB50DD /* home.png */ = {isa = PBXFileReference; lastKnownFileType = image.png; path = home.png; sourceTree = "<group>"; };
		235EC8321A10A96500BB50DD /* menu-20.svg */ = {isa = PBXFileReference; fileEncoding = 4; lastKnownFileType = text.xml; path = "menu-20.svg"; sourceTree = "<group>"; };
		4011426B2ABDAA272437B208 /* libPods.a */ = {isa = PBXFileReference; explicitFileType = archive.ar; includeInIndex = 0; path = libPods.a; sourceTree = BUILT_PRODUCTS_DIR; };
/* End PBXFileReference section */

/* Begin PBXFrameworksBuildPhase section */
		2352642E1A05B69A0093099A /* Frameworks */ = {
			isa = PBXFrameworksBuildPhase;
			buildActionMask = 2147483647;
			files = (
				3D953C663927A3947E18997B /* libPods.a in Frameworks */,
			);
			runOnlyForDeploymentPostprocessing = 0;
		};
		235264471A05B69A0093099A /* Frameworks */ = {
			isa = PBXFrameworksBuildPhase;
			buildActionMask = 2147483647;
			files = (
			);
			runOnlyForDeploymentPostprocessing = 0;
		};
/* End PBXFrameworksBuildPhase section */

/* Begin PBXGroup section */
		0C34B30133A3176A2A3C4F51 /* Frameworks */ = {
			isa = PBXGroup;
			children = (
				4011426B2ABDAA272437B208 /* libPods.a */,
			);
			name = Frameworks;
			sourceTree = "<group>";
		};
		235264281A05B69A0093099A = {
			isa = PBXGroup;
			children = (
				235264331A05B69A0093099A /* Twitter */,
				2352644D1A05B69A0093099A /* TwitterTests */,
				235264321A05B69A0093099A /* Products */,
				6E3A4727490DE3C1CCB113FB /* Pods */,
				0C34B30133A3176A2A3C4F51 /* Frameworks */,
			);
			sourceTree = "<group>";
		};
		235264321A05B69A0093099A /* Products */ = {
			isa = PBXGroup;
			children = (
				235264311A05B69A0093099A /* Twitter.app */,
				2352644A1A05B69A0093099A /* TwitterTests.xctest */,
			);
			name = Products;
			sourceTree = "<group>";
		};
		235264331A05B69A0093099A /* Twitter */ = {
			isa = PBXGroup;
			children = (
				235EC8211A1051EE00BB50DD /* Constants */,
				235D5B881A06B8CA00F7A698 /* retweet_on.png */,
				235D5B891A06B8CA00F7A698 /* retweet.png */,
				235D5B8A1A06B8CA00F7A698 /* reply.png */,
				235D5B8B1A06B8CA00F7A698 /* favorite_on.png */,
				235D5B8C1A06B8CA00F7A698 /* favorite.png */,
				235D5B801A0630E100F7A698 /* TableViewCells */,
				235D5B6B1A05BBFF00F7A698 /* TwitterClient */,
				235D5B651A05BA7600F7A698 /* ViewControllers */,
				235264381A05B69A0093099A /* AppDelegate.h */,
				235264391A05B69A0093099A /* AppDelegate.m */,
				235D5B6F1A05CA7100F7A698 /* Models */,
				235264411A05B69A0093099A /* Images.xcassets */,
				235264431A05B69A0093099A /* LaunchScreen.xib */,
				235264341A05B69A0093099A /* Supporting Files */,
			);
			path = Twitter;
			sourceTree = "<group>";
		};
		235264341A05B69A0093099A /* Supporting Files */ = {
			isa = PBXGroup;
			children = (
				235EC8321A10A96500BB50DD /* menu-20.svg */,
				235EC8301A109E6300BB50DD /* home.png */,
				235EC82C1A109E5A00BB50DD /* me.png */,
				235EC82D1A109E5A00BB50DD /* mention.png */,
				235EC8251A1056E400BB50DD /* menu-20.png */,
				235D5B861A069D8800F7A698 /* About_logoUsage.png */,
				235264351A05B69A0093099A /* Info.plist */,
				235264361A05B69A0093099A /* main.m */,
			);
			name = "Supporting Files";
			sourceTree = "<group>";
		};
		2352644D1A05B69A0093099A /* TwitterTests */ = {
			isa = PBXGroup;
			children = (
				235264501A05B69A0093099A /* TwitterTests.m */,
				2352644E1A05B69A0093099A /* Supporting Files */,
			);
			path = TwitterTests;
			sourceTree = "<group>";
		};
		2352644E1A05B69A0093099A /* Supporting Files */ = {
			isa = PBXGroup;
			children = (
				2352644F1A05B69A0093099A /* Info.plist */,
			);
			name = "Supporting Files";
			sourceTree = "<group>";
		};
		235D5B651A05BA7600F7A698 /* ViewControllers */ = {
			isa = PBXGroup;
			children = (
				235D5B761A0626AA00F7A698 /* FeedViewController.h */,
				235D5B771A0626AA00F7A698 /* FeedViewController.m */,
				235D5B781A0626AA00F7A698 /* FeedViewController.xib */,
				235D5B921A06C9A700F7A698 /* TweetViewController.h */,
				235D5B931A06C9A700F7A698 /* TweetViewController.m */,
				235D5B941A06C9A700F7A698 /* TweetViewController.xib */,
				235D5B7B1A062E8E00F7A698 /* CreateTweetViewController.h */,
				235D5B7C1A062E8E00F7A698 /* CreateTweetViewController.m */,
				235D5B7D1A062E8E00F7A698 /* CreateTweetViewController.xib */,
				235D5B661A05BA9300F7A698 /* LoginViewController.h */,
				235D5B671A05BA9300F7A698 /* LoginViewController.m */,
				235D5B681A05BA9300F7A698 /* LoginViewController.xib */,
				235EC81C1A0FE7B900BB50DD /* SlidableMenuViewController.h */,
				235EC81D1A0FE7B900BB50DD /* SlidableMenuViewController.m */,
				235EC81E1A0FE7B900BB50DD /* SlidableMenuViewController.xib */,
				235EC8121A0FE47A00BB50DD /* MenuViewController.h */,
				235EC8131A0FE47A00BB50DD /* MenuViewController.m */,
				235EC8141A0FE47A00BB50DD /* MenuViewController.xib */,
			);
			name = ViewControllers;
			sourceTree = "<group>";
		};
		235D5B6B1A05BBFF00F7A698 /* TwitterClient */ = {
			isa = PBXGroup;
			children = (
				235D5B6C1A05BC2400F7A698 /* TwitterClient.h */,
				235D5B6D1A05BC2400F7A698 /* TwitterClient.m */,
			);
			name = TwitterClient;
			sourceTree = "<group>";
		};
		235D5B6F1A05CA7100F7A698 /* Models */ = {
			isa = PBXGroup;
			children = (
				235D5B701A05CAB000F7A698 /* Tweet.h */,
				235D5B711A05CAB000F7A698 /* Tweet.m */,
				235D5B731A05CABE00F7A698 /* User.h */,
				235D5B741A05CABE00F7A698 /* User.m */,
			);
			name = Models;
			sourceTree = "<group>";
		};
		235D5B801A0630E100F7A698 /* TableViewCells */ = {
			isa = PBXGroup;
			children = (
				235EC8171A0FE51A00BB50DD /* MenuTableViewCell.h */,
				235EC8181A0FE51A00BB50DD /* MenuTableViewCell.m */,
				235EC8191A0FE51A00BB50DD /* MenuTableViewCell.xib */,
				235D5B811A06311100F7A698 /* FeedTableViewCell.h */,
				235D5B821A06311100F7A698 /* FeedTableViewCell.m */,
				235D5B831A06311100F7A698 /* FeedTableViewCell.xib */,
				235EC8271A10598900BB50DD /* ProfileHeaderTableViewCell.h */,
				235EC8281A10598900BB50DD /* ProfileHeaderTableViewCell.m */,
				235EC8291A10598900BB50DD /* ProfileHeaderTableViewCell.xib */,
			);
			name = TableViewCells;
			sourceTree = "<group>";
		};
		235EC8211A1051EE00BB50DD /* Constants */ = {
			isa = PBXGroup;
			children = (
				235EC8221A10526D00BB50DD /* ViewTypes.h */,
			);
			name = Constants;
			sourceTree = "<group>";
		};
		6E3A4727490DE3C1CCB113FB /* Pods */ = {
			isa = PBXGroup;
			children = (
				11B9037B63D1EBD1162029F9 /* Pods.debug.xcconfig */,
				08CA47467A6DBA84197E1D56 /* Pods.release.xcconfig */,
			);
			name = Pods;
			sourceTree = "<group>";
		};
/* End PBXGroup section */

/* Begin PBXNativeTarget section */
		235264301A05B69A0093099A /* Twitter */ = {
			isa = PBXNativeTarget;
			buildConfigurationList = 235264541A05B69A0093099A /* Build configuration list for PBXNativeTarget "Twitter" */;
			buildPhases = (
				A6F1E9560DC3CDD85EEBFCB3 /* Check Pods Manifest.lock */,
				2352642D1A05B69A0093099A /* Sources */,
				2352642E1A05B69A0093099A /* Frameworks */,
				2352642F1A05B69A0093099A /* Resources */,
				51F0A19B50A14BEAFFAC623F /* Copy Pods Resources */,
			);
			buildRules = (
			);
			dependencies = (
			);
			name = Twitter;
			productName = Twitter;
			productReference = 235264311A05B69A0093099A /* Twitter.app */;
			productType = "com.apple.product-type.application";
		};
		235264491A05B69A0093099A /* TwitterTests */ = {
			isa = PBXNativeTarget;
			buildConfigurationList = 235264571A05B69A0093099A /* Build configuration list for PBXNativeTarget "TwitterTests" */;
			buildPhases = (
				235264461A05B69A0093099A /* Sources */,
				235264471A05B69A0093099A /* Frameworks */,
				235264481A05B69A0093099A /* Resources */,
			);
			buildRules = (
			);
			dependencies = (
				2352644C1A05B69A0093099A /* PBXTargetDependency */,
			);
			name = TwitterTests;
			productName = TwitterTests;
			productReference = 2352644A1A05B69A0093099A /* TwitterTests.xctest */;
			productType = "com.apple.product-type.bundle.unit-test";
		};
/* End PBXNativeTarget section */

/* Begin PBXProject section */
		235264291A05B69A0093099A /* Project object */ = {
			isa = PBXProject;
			attributes = {
				LastUpgradeCheck = 0610;
				ORGANIZATIONNAME = "Alan McConnell";
				TargetAttributes = {
					235264301A05B69A0093099A = {
						CreatedOnToolsVersion = 6.1;
					};
					235264491A05B69A0093099A = {
						CreatedOnToolsVersion = 6.1;
						TestTargetID = 235264301A05B69A0093099A;
					};
				};
			};
			buildConfigurationList = 2352642C1A05B69A0093099A /* Build configuration list for PBXProject "Twitter" */;
			compatibilityVersion = "Xcode 3.2";
			developmentRegion = English;
			hasScannedForEncodings = 0;
			knownRegions = (
				en,
				Base,
			);
			mainGroup = 235264281A05B69A0093099A;
			productRefGroup = 235264321A05B69A0093099A /* Products */;
			projectDirPath = "";
			projectRoot = "";
			targets = (
				235264301A05B69A0093099A /* Twitter */,
				235264491A05B69A0093099A /* TwitterTests */,
			);
		};
/* End PBXProject section */

/* Begin PBXResourcesBuildPhase section */
		2352642F1A05B69A0093099A /* Resources */ = {
			isa = PBXResourcesBuildPhase;
			buildActionMask = 2147483647;
			files = (
				235264451A05B69A0093099A /* LaunchScreen.xib in Resources */,
				235D5B8E1A06B8CA00F7A698 /* retweet.png in Resources */,
				235EC8311A109E6300BB50DD /* home.png in Resources */,
				235EC82B1A10598900BB50DD /* ProfileHeaderTableViewCell.xib in Resources */,
				235264421A05B69A0093099A /* Images.xcassets in Resources */,
				235EC8201A0FE7B900BB50DD /* SlidableMenuViewController.xib in Resources */,
				235EC81B1A0FE51A00BB50DD /* MenuTableViewCell.xib in Resources */,
				235EC8331A10A96500BB50DD /* menu-20.svg in Resources */,
				235D5B901A06B8CA00F7A698 /* favorite_on.png in Resources */,
				235D5B7A1A0626AA00F7A698 /* FeedViewController.xib in Resources */,
				235EC8161A0FE47A00BB50DD /* MenuViewController.xib in Resources */,
				235D5B851A06311100F7A698 /* FeedTableViewCell.xib in Resources */,
				235D5B871A069D8800F7A698 /* About_logoUsage.png in Resources */,
				235D5B911A06B8CA00F7A698 /* favorite.png in Resources */,
				235D5B961A06C9A700F7A698 /* TweetViewController.xib in Resources */,
				235D5B8F1A06B8CA00F7A698 /* reply.png in Resources */,
				235EC82F1A109E5A00BB50DD /* mention.png in Resources */,
				235EC82E1A109E5A00BB50DD /* me.png in Resources */,
				235EC8261A1056E400BB50DD /* menu-20.png in Resources */,
				235D5B8D1A06B8CA00F7A698 /* retweet_on.png in Resources */,
				235D5B6A1A05BA9300F7A698 /* LoginViewController.xib in Resources */,
				235D5B7F1A062E8E00F7A698 /* CreateTweetViewController.xib in Resources */,
			);
			runOnlyForDeploymentPostprocessing = 0;
		};
		235264481A05B69A0093099A /* Resources */ = {
			isa = PBXResourcesBuildPhase;
			buildActionMask = 2147483647;
			files = (
			);
			runOnlyForDeploymentPostprocessing = 0;
		};
/* End PBXResourcesBuildPhase section */

/* Begin PBXShellScriptBuildPhase section */
		51F0A19B50A14BEAFFAC623F /* Copy Pods Resources */ = {
			isa = PBXShellScriptBuildPhase;
			buildActionMask = 2147483647;
			files = (
			);
			inputPaths = (
			);
			name = "Copy Pods Resources";
			outputPaths = (
			);
			runOnlyForDeploymentPostprocessing = 0;
			shellPath = /bin/sh;
			shellScript = "\"${SRCROOT}/Pods/Target Support Files/Pods/Pods-resources.sh\"\n";
			showEnvVarsInLog = 0;
		};
		A6F1E9560DC3CDD85EEBFCB3 /* Check Pods Manifest.lock */ = {
			isa = PBXShellScriptBuildPhase;
			buildActionMask = 2147483647;
			files = (
			);
			inputPaths = (
			);
			name = "Check Pods Manifest.lock";
			outputPaths = (
			);
			runOnlyForDeploymentPostprocessing = 0;
			shellPath = /bin/sh;
			shellScript = "diff \"${PODS_ROOT}/../Podfile.lock\" \"${PODS_ROOT}/Manifest.lock\" > /dev/null\nif [[ $? != 0 ]] ; then\n    cat << EOM\nerror: The sandbox is not in sync with the Podfile.lock. Run 'pod install' or update your CocoaPods installation.\nEOM\n    exit 1\nfi\n";
			showEnvVarsInLog = 0;
		};
/* End PBXShellScriptBuildPhase section */

/* Begin PBXSourcesBuildPhase section */
		2352642D1A05B69A0093099A /* Sources */ = {
			isa = PBXSourcesBuildPhase;
			buildActionMask = 2147483647;
			files = (
				235D5B6E1A05BC2400F7A698 /* TwitterClient.m in Sources */,
				235D5B841A06311100F7A698 /* FeedTableViewCell.m in Sources */,
				2352643A1A05B69A0093099A /* AppDelegate.m in Sources */,
				235D5B7E1A062E8E00F7A698 /* CreateTweetViewController.m in Sources */,
				235D5B951A06C9A700F7A698 /* TweetViewController.m in Sources */,
				235D5B791A0626AA00F7A698 /* FeedViewController.m in Sources */,
				235D5B751A05CABE00F7A698 /* User.m in Sources */,
				235D5B721A05CAB000F7A698 /* Tweet.m in Sources */,
				235EC81F1A0FE7B900BB50DD /* SlidableMenuViewController.m in Sources */,
				235264371A05B69A0093099A /* main.m in Sources */,
				235EC8151A0FE47A00BB50DD /* MenuViewController.m in Sources */,
				235EC81A1A0FE51A00BB50DD /* MenuTableViewCell.m in Sources */,
				235EC82A1A10598900BB50DD /* ProfileHeaderTableViewCell.m in Sources */,
				235D5B691A05BA9300F7A698 /* LoginViewController.m in Sources */,
			);
			runOnlyForDeploymentPostprocessing = 0;
		};
		235264461A05B69A0093099A /* Sources */ = {
			isa = PBXSourcesBuildPhase;
			buildActionMask = 2147483647;
			files = (
				235264511A05B69A0093099A /* TwitterTests.m in Sources */,
			);
			runOnlyForDeploymentPostprocessing = 0;
		};
/* End PBXSourcesBuildPhase section */

/* Begin PBXTargetDependency section */
		2352644C1A05B69A0093099A /* PBXTargetDependency */ = {
			isa = PBXTargetDependency;
			target = 235264301A05B69A0093099A /* Twitter */;
			targetProxy = 2352644B1A05B69A0093099A /* PBXContainerItemProxy */;
		};
/* End PBXTargetDependency section */

/* Begin PBXVariantGroup section */
		235264431A05B69A0093099A /* LaunchScreen.xib */ = {
			isa = PBXVariantGroup;
			children = (
				235264441A05B69A0093099A /* Base */,
			);
			name = LaunchScreen.xib;
			sourceTree = "<group>";
		};
/* End PBXVariantGroup section */

/* Begin XCBuildConfiguration section */
		235264521A05B69A0093099A /* Debug */ = {
			isa = XCBuildConfiguration;
			buildSettings = {
				ALWAYS_SEARCH_USER_PATHS = NO;
				CLANG_CXX_LANGUAGE_STANDARD = "gnu++0x";
				CLANG_CXX_LIBRARY = "libc++";
				CLANG_ENABLE_MODULES = YES;
				CLANG_ENABLE_OBJC_ARC = YES;
				CLANG_WARN_BOOL_CONVERSION = YES;
				CLANG_WARN_CONSTANT_CONVERSION = YES;
				CLANG_WARN_DIRECT_OBJC_ISA_USAGE = YES_ERROR;
				CLANG_WARN_EMPTY_BODY = YES;
				CLANG_WARN_ENUM_CONVERSION = YES;
				CLANG_WARN_INT_CONVERSION = YES;
				CLANG_WARN_OBJC_ROOT_CLASS = YES_ERROR;
				CLANG_WARN_UNREACHABLE_CODE = YES;
				CLANG_WARN__DUPLICATE_METHOD_MATCH = YES;
				"CODE_SIGN_IDENTITY[sdk=iphoneos*]" = "iPhone Developer";
				COPY_PHASE_STRIP = NO;
				ENABLE_STRICT_OBJC_MSGSEND = YES;
				GCC_C_LANGUAGE_STANDARD = gnu99;
				GCC_DYNAMIC_NO_PIC = NO;
				GCC_OPTIMIZATION_LEVEL = 0;
				GCC_PREPROCESSOR_DEFINITIONS = (
					"DEBUG=1",
					"$(inherited)",
				);
				GCC_SYMBOLS_PRIVATE_EXTERN = NO;
				GCC_WARN_64_TO_32_BIT_CONVERSION = YES;
				GCC_WARN_ABOUT_RETURN_TYPE = YES_ERROR;
				GCC_WARN_UNDECLARED_SELECTOR = YES;
				GCC_WARN_UNINITIALIZED_AUTOS = YES_AGGRESSIVE;
				GCC_WARN_UNUSED_FUNCTION = YES;
				GCC_WARN_UNUSED_VARIABLE = YES;
				IPHONEOS_DEPLOYMENT_TARGET = 8.1;
				MTL_ENABLE_DEBUG_INFO = YES;
				ONLY_ACTIVE_ARCH = YES;
				SDKROOT = iphoneos;
			};
			name = Debug;
		};
		235264531A05B69A0093099A /* Release */ = {
			isa = XCBuildConfiguration;
			buildSettings = {
				ALWAYS_SEARCH_USER_PATHS = NO;
				CLANG_CXX_LANGUAGE_STANDARD = "gnu++0x";
				CLANG_CXX_LIBRARY = "libc++";
				CLANG_ENABLE_MODULES = YES;
				CLANG_ENABLE_OBJC_ARC = YES;
				CLANG_WARN_BOOL_CONVERSION = YES;
				CLANG_WARN_CONSTANT_CONVERSION = YES;
				CLANG_WARN_DIRECT_OBJC_ISA_USAGE = YES_ERROR;
				CLANG_WARN_EMPTY_BODY = YES;
				CLANG_WARN_ENUM_CONVERSION = YES;
				CLANG_WARN_INT_CONVERSION = YES;
				CLANG_WARN_OBJC_ROOT_CLASS = YES_ERROR;
				CLANG_WARN_UNREACHABLE_CODE = YES;
				CLANG_WARN__DUPLICATE_METHOD_MATCH = YES;
				"CODE_SIGN_IDENTITY[sdk=iphoneos*]" = "iPhone Developer";
				COPY_PHASE_STRIP = YES;
				ENABLE_NS_ASSERTIONS = NO;
				ENABLE_STRICT_OBJC_MSGSEND = YES;
				GCC_C_LANGUAGE_STANDARD = gnu99;
				GCC_WARN_64_TO_32_BIT_CONVERSION = YES;
				GCC_WARN_ABOUT_RETURN_TYPE = YES_ERROR;
				GCC_WARN_UNDECLARED_SELECTOR = YES;
				GCC_WARN_UNINITIALIZED_AUTOS = YES_AGGRESSIVE;
				GCC_WARN_UNUSED_FUNCTION = YES;
				GCC_WARN_UNUSED_VARIABLE = YES;
				IPHONEOS_DEPLOYMENT_TARGET = 8.1;
				MTL_ENABLE_DEBUG_INFO = NO;
				SDKROOT = iphoneos;
				VALIDATE_PRODUCT = YES;
			};
			name = Release;
		};
		235264551A05B69A0093099A /* Debug */ = {
			isa = XCBuildConfiguration;
			baseConfigurationReference = 11B9037B63D1EBD1162029F9 /* Pods.debug.xcconfig */;
			buildSettings = {
				ASSETCATALOG_COMPILER_APPICON_NAME = AppIcon;
				INFOPLIST_FILE = Twitter/Info.plist;
				LD_RUNPATH_SEARCH_PATHS = "$(inherited) @executable_path/Frameworks";
				PRODUCT_NAME = "$(TARGET_NAME)";
			};
			name = Debug;
		};
		235264561A05B69A0093099A /* Release */ = {
			isa = XCBuildConfiguration;
			baseConfigurationReference = 08CA47467A6DBA84197E1D56 /* Pods.release.xcconfig */;
			buildSettings = {
				ASSETCATALOG_COMPILER_APPICON_NAME = AppIcon;
				INFOPLIST_FILE = Twitter/Info.plist;
				LD_RUNPATH_SEARCH_PATHS = "$(inherited) @executable_path/Frameworks";
				PRODUCT_NAME = "$(TARGET_NAME)";
			};
			name = Release;
		};
		235264581A05B69A0093099A /* Debug */ = {
			isa = XCBuildConfiguration;
			buildSettings = {
				BUNDLE_LOADER = "$(TEST_HOST)";
				FRAMEWORK_SEARCH_PATHS = (
					"$(SDKROOT)/Developer/Library/Frameworks",
					"$(inherited)",
				);
				GCC_PREPROCESSOR_DEFINITIONS = (
					"DEBUG=1",
					"$(inherited)",
				);
				INFOPLIST_FILE = TwitterTests/Info.plist;
				LD_RUNPATH_SEARCH_PATHS = "$(inherited) @executable_path/Frameworks @loader_path/Frameworks";
				PRODUCT_NAME = "$(TARGET_NAME)";
				TEST_HOST = "$(BUILT_PRODUCTS_DIR)/Twitter.app/Twitter";
			};
			name = Debug;
		};
		235264591A05B69A0093099A /* Release */ = {
			isa = XCBuildConfiguration;
			buildSettings = {
				BUNDLE_LOADER = "$(TEST_HOST)";
				FRAMEWORK_SEARCH_PATHS = (
					"$(SDKROOT)/Developer/Library/Frameworks",
					"$(inherited)",
				);
				INFOPLIST_FILE = TwitterTests/Info.plist;
				LD_RUNPATH_SEARCH_PATHS = "$(inherited) @executable_path/Frameworks @loader_path/Frameworks";
				PRODUCT_NAME = "$(TARGET_NAME)";
				TEST_HOST = "$(BUILT_PRODUCTS_DIR)/Twitter.app/Twitter";
			};
			name = Release;
		};
/* End XCBuildConfiguration section */

/* Begin XCConfigurationList section */
		2352642C1A05B69A0093099A /* Build configuration list for PBXProject "Twitter" */ = {
			isa = XCConfigurationList;
			buildConfigurations = (
				235264521A05B69A0093099A /* Debug */,
				235264531A05B69A0093099A /* Release */,
			);
			defaultConfigurationIsVisible = 0;
			defaultConfigurationName = Release;
		};
		235264541A05B69A0093099A /* Build configuration list for PBXNativeTarget "Twitter" */ = {
			isa = XCConfigurationList;
			buildConfigurations = (
				235264551A05B69A0093099A /* Debug */,
				235264561A05B69A0093099A /* Release */,
			);
			defaultConfigurationIsVisible = 0;
			defaultConfigurationName = Release;
		};
		235264571A05B69A0093099A /* Build configuration list for PBXNativeTarget "TwitterTests" */ = {
			isa = XCConfigurationList;
			buildConfigurations = (
				235264581A05B69A0093099A /* Debug */,
				235264591A05B69A0093099A /* Release */,
			);
			defaultConfigurationIsVisible = 0;
			defaultConfigurationName = Release;
		};
/* End XCConfigurationList section */
	};
	rootObject = 235264291A05B69A0093099A /* Project object */;
}
